
Microsoft Visual Studio Solution File, Format Version 12.00
# Visual Studio Version 17
VisualStudioVersion = 17.9.34607.119
MinimumVisualStudioVersion = 10.0.40219.1
Project("{2150E333-8FDC-42A3-9474-1A3956D46DE8}") = "Chapter01", "Chapter01", "{0E6F5B14-564B-4108-9FB5-13822EE53036}"
EndProject
Project("{FAE04EC0-301F-11D3-BF4B-00C04F79EFBC}") = "ProductSample", "Chapter01\ProductSample\ProductSample.csproj", "{CD166718-97E2-4DC3-9DCE-B68328951D43}"
EndProject
Project("{FAE04EC0-301F-11D3-BF4B-00C04F79EFBC}") = "Sample_p38", "Chapter01\Sample_p38\Sample_p38.csproj", "{D6254657-55D6-46F2-8B46-1C4555931BCA}"
EndProject
Project("{2150E333-8FDC-42A3-9474-1A3956D46DE8}") = "Chapter02", "Chapter02", "{AD41938B-727F-45A9-908B-52B3194C3266}"
EndProject
Project("{2150E333-8FDC-42A3-9474-1A3956D46DE8}") = "距離換算プログラム", "距離換算プログラム", "{EFAF77B9-669E-48FB-8A67-B2302993F379}"
EndProject
Project("{FAE04EC0-301F-11D3-BF4B-00C04F79EFBC}") = "DistanceConverter", "Chapter02\DistanceConverter\DistanceConverter.csproj", "{92EC120A-6F03-4A59-8602-D7D7904F513F}"
EndProject
Project("{2150E333-8FDC-42A3-9474-1A3956D46DE8}") = "売り上げ集計プログラム", "売り上げ集計プログラム", "{59A23887-377B-4B76-B8C4-DF7C09B16D08}"
EndProject
Project("{FAE04EC0-301F-11D3-BF4B-00C04F79EFBC}") = "SalesCounter", "Chapter02\SalesCounter\SalesCounter.csproj", "{8B851A0C-4F23-45A3-9E17-50475AE5E888}"
EndProject
Project("{2150E333-8FDC-42A3-9474-1A3956D46DE8}") = "#演習問題", "#演習問題", "{F216ED20-9A2C-42F2-B69B-C4691C051AE6}"
EndProject
Project("{FAE04EC0-301F-11D3-BF4B-00C04F79EFBC}") = "Exercise1", "Chapter02\演習問題\Exercise1\Exercise1.csproj", "{72F6F5E2-6B28-4C48-9B57-1EAD4DC5B097}"
EndProject
Project("{FAE04EC0-301F-11D3-BF4B-00C04F79EFBC}") = "Exercise2", "Chapter02\演習問題\Exercise2\Exercise2.csproj", "{CBF4B3B4-33B9-4AF0-AB3C-A52BE9787DA4}"
EndProject
Project("{2150E333-8FDC-42A3-9474-1A3956D46DE8}") = "FormApps", "FormApps", "{2BF0246D-45EA-4549-8E1A-77105D029330}"
EndProject
Project("{9A19103F-16F7-4668-BE54-9A1E7A4F7556}") = "BallApp", "FormApps\BallApp\BallApp.csproj", "{C835C308-0D2F-40F0-BC74-1BE249F8F53A}"
EndProject
Project("{2150E333-8FDC-42A3-9474-1A3956D46DE8}") = "Chapter03", "Chapter03", "{E2E8C99C-3256-4E7C-A8F8-E597572090E8}"
EndProject
Project("{FAE04EC0-301F-11D3-BF4B-00C04F79EFBC}") = "Section01", "Chapter03\Section01\Section01.csproj", "{88D31CAB-36DB-4310-A7F4-F3F74ED16EEC}"
EndProject
Project("{2150E333-8FDC-42A3-9474-1A3956D46DE8}") = "演習問題", "演習問題", "{B003285B-8073-4354-AC0F-C854EDD53CD9}"
EndProject
Project("{FAE04EC0-301F-11D3-BF4B-00C04F79EFBC}") = "Exercise01", "Chapter03\演習問題\Exercise01\Exercise01.csproj", "{E3F0685C-136C-4FFE-BDE5-CA995F93BCD4}"
EndProject
Project("{FAE04EC0-301F-11D3-BF4B-00C04F79EFBC}") = "Exercise02", "Chapter03\演習問題\Exercise02\Exercise02.csproj", "{46C1B316-752E-4612-952F-FB8D4CB72796}"
EndProject
Project("{2150E333-8FDC-42A3-9474-1A3956D46DE8}") = "Chapter04", "Chapter04", "{A92BD787-6CEE-4CD3-9321-0677A0F5B112}"
EndProject
Project("{FAE04EC0-301F-11D3-BF4B-00C04F79EFBC}") = "Section01", "Chapter04\Section01\Section01.csproj", "{FA65F2B1-D22E-4208-957A-3F648997CD0A}"
EndProject
Project("{2150E333-8FDC-42A3-9474-1A3956D46DE8}") = "演習問題", "演習問題", "{69B7EAC9-741F-42FE-BC93-8D3EB4FBB557}"
EndProject
Project("{FAE04EC0-301F-11D3-BF4B-00C04F79EFBC}") = "Exercise01", "Chapter04\演習問題\Exercise01\Exercise01.csproj", "{936C7EB5-0420-437E-A201-2F99F2771A95}"
EndProject
Project("{FAE04EC0-301F-11D3-BF4B-00C04F79EFBC}") = "Exercise02", "Chapter04\演習問題\Exerice02\Exercise02.csproj", "{35690607-E998-4D72-B288-E46518DD66DF}"
EndProject
Project("{2150E333-8FDC-42A3-9474-1A3956D46DE8}") = "Chapter05", "Chapter05", "{18D0AA5A-5399-4194-9A1C-7A53FE6611F4}"
EndProject
Project("{2150E333-8FDC-42A3-9474-1A3956D46DE8}") = "演習問題", "演習問題", "{5E8DE39D-0B06-47BE-B160-A65C1474C4DB}"
EndProject
Project("{FAE04EC0-301F-11D3-BF4B-00C04F79EFBC}") = "Exercise01", "Chapter05\演習問題\Exercise01\Exercise01.csproj", "{8591A265-4841-48FB-8CFC-5036299B13F7}"
EndProject
Project("{FAE04EC0-301F-11D3-BF4B-00C04F79EFBC}") = "Exercise02", "Chapter05\演習問題\Exercise02\Exercise02.csproj", "{70316DD1-E57B-4FC2-8074-A689FAE3E67A}"
EndProject
Project("{FAE04EC0-301F-11D3-BF4B-00C04F79EFBC}") = "Exercise03", "Chapter05\演習問題\Exercise03\Exercise03.csproj", "{DB1F485C-5304-45A2-8B92-AA77C5C1B702}"
EndProject
Project("{FAE04EC0-301F-11D3-BF4B-00C04F79EFBC}") = "Exercise04", "Chapter05\演習問題\Exercise04\Exercise04.csproj", "{99E665AA-3E89-4237-95F9-2A9AF8540477}"
EndProject
Project("{2150E333-8FDC-42A3-9474-1A3956D46DE8}") = "Chapter06", "Chapter06", "{2B9D285C-C8FB-408C-8389-EE357741F547}"
EndProject
Project("{FAE04EC0-301F-11D3-BF4B-00C04F79EFBC}") = "Section01", "Chapter06\Section01\Section01.csproj", "{413925E5-B70D-4BCD-B23A-1BA734117F00}"
EndProject
Project("{2150E333-8FDC-42A3-9474-1A3956D46DE8}") = "演習問題", "演習問題", "{3256FF1A-D336-462F-966F-5B1C4BE9EDC8}"
EndProject
Project("{FAE04EC0-301F-11D3-BF4B-00C04F79EFBC}") = "Exercise01", "Chapter06\演習問題\Exercise01\Exercise01.csproj", "{BE8B8906-C61E-4681-A19B-58922875E6D3}"
EndProject
Project("{FAE04EC0-301F-11D3-BF4B-00C04F79EFBC}") = "Exercise02", "Chapter06\演習問題\Exercise02\Exercise02.csproj", "{AAC830D0-D8BF-4839-BF3E-E1A01319927D}"
EndProject
Project("{2150E333-8FDC-42A3-9474-1A3956D46DE8}") = "Chapter07", "Chapter07", "{C3205F75-C8E3-4016-BE1A-EBFC8CBE15C1}"
EndProject
Project("{FAE04EC0-301F-11D3-BF4B-00C04F79EFBC}") = "Section01", "Chapter07\Section01\Section01.csproj", "{6474B716-42C8-4E3A-910B-41F7D75FE86C}"
EndProject
Project("{FAE04EC0-301F-11D3-BF4B-00C04F79EFBC}") = "Section02", "Chapter07\Section02\Section02.csproj", "{2EE9DEA3-6461-48D5-845C-BFE845A3D5FE}"
EndProject
Project("{2150E333-8FDC-42A3-9474-1A3956D46DE8}") = "Test2406", "Test2406", "{1B6B4F1A-F450-4AAB-BC08-FD12C2419CBE}"
EndProject
Project("{FAE04EC0-301F-11D3-BF4B-00C04F79EFBC}") = "Test01", "TestProject\Test01\Test01.csproj", "{2BFACDC3-F44D-4199-8498-F5C3C4AC0335}"
EndProject
Project("{FAE04EC0-301F-11D3-BF4B-00C04F79EFBC}") = "Test02", "TestProject\Test02\Test02.csproj", "{E461C0A8-8900-485C-B520-E929BA33F712}"
EndProject
Project("{FAE04EC0-301F-11D3-BF4B-00C04F79EFBC}") = "Section03", "Chapter07\Section03\Section03.csproj", "{88B39962-0DFA-44CC-BE88-D6D44C5A5000}"
EndProject
Project("{FAE04EC0-301F-11D3-BF4B-00C04F79EFBC}") = "Section04", "Chapter07\Section04\Section04.csproj", "{5531FCF8-123E-4E94-B8C9-7E7D4FE7F01D}"
EndProject
Project("{2150E333-8FDC-42A3-9474-1A3956D46DE8}") = "Chapter08", "Chapter08", "{C313605F-60B5-486D-B1CE-BFD3737CDAB9}"
EndProject
Project("{FAE04EC0-301F-11D3-BF4B-00C04F79EFBC}") = "Section01", "Chapter08\Section01\Section01.csproj", "{7822D165-0E18-4DCA-89E7-4BF109681942}"
EndProject
Project("{9A19103F-16F7-4668-BE54-9A1E7A4F7556}") = "DateTimeAPP", "FormApps\DateTimeAPP\DateTimeAPP.csproj", "{9FBF38C7-CF0D-434D-A8EF-F7F9F7BB874E}"
EndProject
Project("{2150E333-8FDC-42A3-9474-1A3956D46DE8}") = "演習問題", "演習問題", "{6A6F3779-CFC6-444B-9EAC-CCFBE8BE4D4F}"
EndProject
Project("{9A19103F-16F7-4668-BE54-9A1E7A4F7556}") = "Exercise01", "Chapter08\演習問題\Exercise01\Exercise01.csproj", "{6B8A2C0B-23C9-41CF-B728-C281CF90BFC5}"
EndProject
Project("{9A19103F-16F7-4668-BE54-9A1E7A4F7556}") = "CarReportSystem", "FormApps\CarReportSystem\CarReportSystem.csproj", "{B79E8DB2-6689-4F66-B8A6-1E0B64274489}"
EndProject
Project("{2150E333-8FDC-42A3-9474-1A3956D46DE8}") = "Chapter11", "Chapter11", "{8A2ED766-008E-43A9-98FB-F53E97DC6C20}"
EndProject
Project("{FAE04EC0-301F-11D3-BF4B-00C04F79EFBC}") = "Section01", "Chapter11\Section01\Section01.csproj", "{95B33167-05EE-4E08-9D73-355870B45380}"
EndProject
Project("{2150E333-8FDC-42A3-9474-1A3956D46DE8}") = "演習問題", "演習問題", "{77930B4C-417F-41FA-ACC4-A87048996DBE}"
EndProject
Project("{FAE04EC0-301F-11D3-BF4B-00C04F79EFBC}") = "Exercise01", "Chapter11\演習問題\Exercise01\Exercise01.csproj", "{CB66E441-60C1-4B47-A4D7-918E856B7259}"
EndProject
Project("{FAE04EC0-301F-11D3-BF4B-00C04F79EFBC}") = "Section02", "Chapter11\Section02\Section02.csproj", "{7857E905-6E39-4A9A-A163-CF0039B5D9FF}"
EndProject
Project("{2150E333-8FDC-42A3-9474-1A3956D46DE8}") = "Chapter12", "Chapter12", "{E391B372-7722-428B-90A2-B841FFE31607}"
EndProject
Project("{FAE04EC0-301F-11D3-BF4B-00C04F79EFBC}") = "Section01", "Chapter12\Section01\Section01.csproj", "{0ACE1EB2-9D6E-425D-B39C-CFA6C03E3950}"
EndProject
Project("{2150E333-8FDC-42A3-9474-1A3956D46DE8}") = "演習問題", "演習問題", "{9F27380B-6C81-4CBD-865A-EA05BBC37869}"
EndProject
Project("{FAE04EC0-301F-11D3-BF4B-00C04F79EFBC}") = "Exercise01", "Chapter12\演習問題\Exercise01\Exercise01.csproj", "{37678F43-EA2C-4735-9606-E2C0B975BA60}"
EndProject
Project("{FAE04EC0-301F-11D3-BF4B-00C04F79EFBC}") = "Section02", "Chapter12\Section02\Section02.csproj", "{203DEF49-CF08-4A87-9169-9E7801422242}"
EndProject
Global
	GlobalSection(SolutionConfigurationPlatforms) = preSolution
		Debug|Any CPU = Debug|Any CPU
		Release|Any CPU = Release|Any CPU
	EndGlobalSection
	GlobalSection(ProjectConfigurationPlatforms) = postSolution
		{CD166718-97E2-4DC3-9DCE-B68328951D43}.Debug|Any CPU.ActiveCfg = Debug|Any CPU
		{CD166718-97E2-4DC3-9DCE-B68328951D43}.Debug|Any CPU.Build.0 = Debug|Any CPU
		{CD166718-97E2-4DC3-9DCE-B68328951D43}.Release|Any CPU.ActiveCfg = Release|Any CPU
		{CD166718-97E2-4DC3-9DCE-B68328951D43}.Release|Any CPU.Build.0 = Release|Any CPU
		{D6254657-55D6-46F2-8B46-1C4555931BCA}.Debug|Any CPU.ActiveCfg = Debug|Any CPU
		{D6254657-55D6-46F2-8B46-1C4555931BCA}.Debug|Any CPU.Build.0 = Debug|Any CPU
		{D6254657-55D6-46F2-8B46-1C4555931BCA}.Release|Any CPU.ActiveCfg = Release|Any CPU
		{D6254657-55D6-46F2-8B46-1C4555931BCA}.Release|Any CPU.Build.0 = Release|Any CPU
		{92EC120A-6F03-4A59-8602-D7D7904F513F}.Debug|Any CPU.ActiveCfg = Debug|Any CPU
		{92EC120A-6F03-4A59-8602-D7D7904F513F}.Debug|Any CPU.Build.0 = Debug|Any CPU
		{92EC120A-6F03-4A59-8602-D7D7904F513F}.Release|Any CPU.ActiveCfg = Release|Any CPU
		{92EC120A-6F03-4A59-8602-D7D7904F513F}.Release|Any CPU.Build.0 = Release|Any CPU
		{8B851A0C-4F23-45A3-9E17-50475AE5E888}.Debug|Any CPU.ActiveCfg = Debug|Any CPU
		{8B851A0C-4F23-45A3-9E17-50475AE5E888}.Debug|Any CPU.Build.0 = Debug|Any CPU
		{8B851A0C-4F23-45A3-9E17-50475AE5E888}.Release|Any CPU.ActiveCfg = Release|Any CPU
		{8B851A0C-4F23-45A3-9E17-50475AE5E888}.Release|Any CPU.Build.0 = Release|Any CPU
		{72F6F5E2-6B28-4C48-9B57-1EAD4DC5B097}.Debug|Any CPU.ActiveCfg = Debug|Any CPU
		{72F6F5E2-6B28-4C48-9B57-1EAD4DC5B097}.Debug|Any CPU.Build.0 = Debug|Any CPU
		{72F6F5E2-6B28-4C48-9B57-1EAD4DC5B097}.Release|Any CPU.ActiveCfg = Release|Any CPU
		{72F6F5E2-6B28-4C48-9B57-1EAD4DC5B097}.Release|Any CPU.Build.0 = Release|Any CPU
		{CBF4B3B4-33B9-4AF0-AB3C-A52BE9787DA4}.Debug|Any CPU.ActiveCfg = Debug|Any CPU
		{CBF4B3B4-33B9-4AF0-AB3C-A52BE9787DA4}.Debug|Any CPU.Build.0 = Debug|Any CPU
		{CBF4B3B4-33B9-4AF0-AB3C-A52BE9787DA4}.Release|Any CPU.ActiveCfg = Release|Any CPU
		{CBF4B3B4-33B9-4AF0-AB3C-A52BE9787DA4}.Release|Any CPU.Build.0 = Release|Any CPU
		{C835C308-0D2F-40F0-BC74-1BE249F8F53A}.Debug|Any CPU.ActiveCfg = Debug|Any CPU
		{C835C308-0D2F-40F0-BC74-1BE249F8F53A}.Debug|Any CPU.Build.0 = Debug|Any CPU
		{C835C308-0D2F-40F0-BC74-1BE249F8F53A}.Release|Any CPU.ActiveCfg = Release|Any CPU
		{C835C308-0D2F-40F0-BC74-1BE249F8F53A}.Release|Any CPU.Build.0 = Release|Any CPU
		{88D31CAB-36DB-4310-A7F4-F3F74ED16EEC}.Debug|Any CPU.ActiveCfg = Debug|Any CPU
		{88D31CAB-36DB-4310-A7F4-F3F74ED16EEC}.Debug|Any CPU.Build.0 = Debug|Any CPU
		{88D31CAB-36DB-4310-A7F4-F3F74ED16EEC}.Release|Any CPU.ActiveCfg = Release|Any CPU
		{88D31CAB-36DB-4310-A7F4-F3F74ED16EEC}.Release|Any CPU.Build.0 = Release|Any CPU
		{E3F0685C-136C-4FFE-BDE5-CA995F93BCD4}.Debug|Any CPU.ActiveCfg = Debug|Any CPU
		{E3F0685C-136C-4FFE-BDE5-CA995F93BCD4}.Debug|Any CPU.Build.0 = Debug|Any CPU
		{E3F0685C-136C-4FFE-BDE5-CA995F93BCD4}.Release|Any CPU.ActiveCfg = Release|Any CPU
		{E3F0685C-136C-4FFE-BDE5-CA995F93BCD4}.Release|Any CPU.Build.0 = Release|Any CPU
		{46C1B316-752E-4612-952F-FB8D4CB72796}.Debug|Any CPU.ActiveCfg = Debug|Any CPU
		{46C1B316-752E-4612-952F-FB8D4CB72796}.Debug|Any CPU.Build.0 = Debug|Any CPU
		{46C1B316-752E-4612-952F-FB8D4CB72796}.Release|Any CPU.ActiveCfg = Release|Any CPU
		{46C1B316-752E-4612-952F-FB8D4CB72796}.Release|Any CPU.Build.0 = Release|Any CPU
		{FA65F2B1-D22E-4208-957A-3F648997CD0A}.Debug|Any CPU.ActiveCfg = Debug|Any CPU
		{FA65F2B1-D22E-4208-957A-3F648997CD0A}.Debug|Any CPU.Build.0 = Debug|Any CPU
		{FA65F2B1-D22E-4208-957A-3F648997CD0A}.Release|Any CPU.ActiveCfg = Release|Any CPU
		{FA65F2B1-D22E-4208-957A-3F648997CD0A}.Release|Any CPU.Build.0 = Release|Any CPU
		{936C7EB5-0420-437E-A201-2F99F2771A95}.Debug|Any CPU.ActiveCfg = Debug|Any CPU
		{936C7EB5-0420-437E-A201-2F99F2771A95}.Debug|Any CPU.Build.0 = Debug|Any CPU
		{936C7EB5-0420-437E-A201-2F99F2771A95}.Release|Any CPU.ActiveCfg = Release|Any CPU
		{936C7EB5-0420-437E-A201-2F99F2771A95}.Release|Any CPU.Build.0 = Release|Any CPU
		{35690607-E998-4D72-B288-E46518DD66DF}.Debug|Any CPU.ActiveCfg = Debug|Any CPU
		{35690607-E998-4D72-B288-E46518DD66DF}.Debug|Any CPU.Build.0 = Debug|Any CPU
		{35690607-E998-4D72-B288-E46518DD66DF}.Release|Any CPU.ActiveCfg = Release|Any CPU
		{35690607-E998-4D72-B288-E46518DD66DF}.Release|Any CPU.Build.0 = Release|Any CPU
		{8591A265-4841-48FB-8CFC-5036299B13F7}.Debug|Any CPU.ActiveCfg = Debug|Any CPU
		{8591A265-4841-48FB-8CFC-5036299B13F7}.Debug|Any CPU.Build.0 = Debug|Any CPU
		{8591A265-4841-48FB-8CFC-5036299B13F7}.Release|Any CPU.ActiveCfg = Release|Any CPU
		{8591A265-4841-48FB-8CFC-5036299B13F7}.Release|Any CPU.Build.0 = Release|Any CPU
		{70316DD1-E57B-4FC2-8074-A689FAE3E67A}.Debug|Any CPU.ActiveCfg = Debug|Any CPU
		{70316DD1-E57B-4FC2-8074-A689FAE3E67A}.Debug|Any CPU.Build.0 = Debug|Any CPU
		{70316DD1-E57B-4FC2-8074-A689FAE3E67A}.Release|Any CPU.ActiveCfg = Release|Any CPU
		{70316DD1-E57B-4FC2-8074-A689FAE3E67A}.Release|Any CPU.Build.0 = Release|Any CPU
		{DB1F485C-5304-45A2-8B92-AA77C5C1B702}.Debug|Any CPU.ActiveCfg = Debug|Any CPU
		{DB1F485C-5304-45A2-8B92-AA77C5C1B702}.Debug|Any CPU.Build.0 = Debug|Any CPU
		{DB1F485C-5304-45A2-8B92-AA77C5C1B702}.Release|Any CPU.ActiveCfg = Release|Any CPU
		{DB1F485C-5304-45A2-8B92-AA77C5C1B702}.Release|Any CPU.Build.0 = Release|Any CPU
		{99E665AA-3E89-4237-95F9-2A9AF8540477}.Debug|Any CPU.ActiveCfg = Debug|Any CPU
		{99E665AA-3E89-4237-95F9-2A9AF8540477}.Debug|Any CPU.Build.0 = Debug|Any CPU
		{99E665AA-3E89-4237-95F9-2A9AF8540477}.Release|Any CPU.ActiveCfg = Release|Any CPU
		{99E665AA-3E89-4237-95F9-2A9AF8540477}.Release|Any CPU.Build.0 = Release|Any CPU
		{413925E5-B70D-4BCD-B23A-1BA734117F00}.Debug|Any CPU.ActiveCfg = Debug|Any CPU
		{413925E5-B70D-4BCD-B23A-1BA734117F00}.Debug|Any CPU.Build.0 = Debug|Any CPU
		{413925E5-B70D-4BCD-B23A-1BA734117F00}.Release|Any CPU.ActiveCfg = Release|Any CPU
		{413925E5-B70D-4BCD-B23A-1BA734117F00}.Release|Any CPU.Build.0 = Release|Any CPU
		{BE8B8906-C61E-4681-A19B-58922875E6D3}.Debug|Any CPU.ActiveCfg = Debug|Any CPU
		{BE8B8906-C61E-4681-A19B-58922875E6D3}.Debug|Any CPU.Build.0 = Debug|Any CPU
		{BE8B8906-C61E-4681-A19B-58922875E6D3}.Release|Any CPU.ActiveCfg = Release|Any CPU
		{BE8B8906-C61E-4681-A19B-58922875E6D3}.Release|Any CPU.Build.0 = Release|Any CPU
		{AAC830D0-D8BF-4839-BF3E-E1A01319927D}.Debug|Any CPU.ActiveCfg = Debug|Any CPU
		{AAC830D0-D8BF-4839-BF3E-E1A01319927D}.Debug|Any CPU.Build.0 = Debug|Any CPU
		{AAC830D0-D8BF-4839-BF3E-E1A01319927D}.Release|Any CPU.ActiveCfg = Release|Any CPU
		{AAC830D0-D8BF-4839-BF3E-E1A01319927D}.Release|Any CPU.Build.0 = Release|Any CPU
		{6474B716-42C8-4E3A-910B-41F7D75FE86C}.Debug|Any CPU.ActiveCfg = Debug|Any CPU
		{6474B716-42C8-4E3A-910B-41F7D75FE86C}.Debug|Any CPU.Build.0 = Debug|Any CPU
		{6474B716-42C8-4E3A-910B-41F7D75FE86C}.Release|Any CPU.ActiveCfg = Release|Any CPU
		{6474B716-42C8-4E3A-910B-41F7D75FE86C}.Release|Any CPU.Build.0 = Release|Any CPU
		{2EE9DEA3-6461-48D5-845C-BFE845A3D5FE}.Debug|Any CPU.ActiveCfg = Debug|Any CPU
		{2EE9DEA3-6461-48D5-845C-BFE845A3D5FE}.Debug|Any CPU.Build.0 = Debug|Any CPU
		{2EE9DEA3-6461-48D5-845C-BFE845A3D5FE}.Release|Any CPU.ActiveCfg = Release|Any CPU
		{2EE9DEA3-6461-48D5-845C-BFE845A3D5FE}.Release|Any CPU.Build.0 = Release|Any CPU
		{2BFACDC3-F44D-4199-8498-F5C3C4AC0335}.Debug|Any CPU.ActiveCfg = Debug|Any CPU
		{2BFACDC3-F44D-4199-8498-F5C3C4AC0335}.Debug|Any CPU.Build.0 = Debug|Any CPU
		{2BFACDC3-F44D-4199-8498-F5C3C4AC0335}.Release|Any CPU.ActiveCfg = Release|Any CPU
		{2BFACDC3-F44D-4199-8498-F5C3C4AC0335}.Release|Any CPU.Build.0 = Release|Any CPU
		{E461C0A8-8900-485C-B520-E929BA33F712}.Debug|Any CPU.ActiveCfg = Debug|Any CPU
		{E461C0A8-8900-485C-B520-E929BA33F712}.Debug|Any CPU.Build.0 = Debug|Any CPU
		{E461C0A8-8900-485C-B520-E929BA33F712}.Release|Any CPU.ActiveCfg = Release|Any CPU
		{E461C0A8-8900-485C-B520-E929BA33F712}.Release|Any CPU.Build.0 = Release|Any CPU
		{88B39962-0DFA-44CC-BE88-D6D44C5A5000}.Debug|Any CPU.ActiveCfg = Debug|Any CPU
		{88B39962-0DFA-44CC-BE88-D6D44C5A5000}.Debug|Any CPU.Build.0 = Debug|Any CPU
		{88B39962-0DFA-44CC-BE88-D6D44C5A5000}.Release|Any CPU.ActiveCfg = Release|Any CPU
		{88B39962-0DFA-44CC-BE88-D6D44C5A5000}.Release|Any CPU.Build.0 = Release|Any CPU
		{5531FCF8-123E-4E94-B8C9-7E7D4FE7F01D}.Debug|Any CPU.ActiveCfg = Debug|Any CPU
		{5531FCF8-123E-4E94-B8C9-7E7D4FE7F01D}.Debug|Any CPU.Build.0 = Debug|Any CPU
		{5531FCF8-123E-4E94-B8C9-7E7D4FE7F01D}.Release|Any CPU.ActiveCfg = Release|Any CPU
		{5531FCF8-123E-4E94-B8C9-7E7D4FE7F01D}.Release|Any CPU.Build.0 = Release|Any CPU
		{7822D165-0E18-4DCA-89E7-4BF109681942}.Debug|Any CPU.ActiveCfg = Debug|Any CPU
		{7822D165-0E18-4DCA-89E7-4BF109681942}.Debug|Any CPU.Build.0 = Debug|Any CPU
		{7822D165-0E18-4DCA-89E7-4BF109681942}.Release|Any CPU.ActiveCfg = Release|Any CPU
		{7822D165-0E18-4DCA-89E7-4BF109681942}.Release|Any CPU.Build.0 = Release|Any CPU
		{9FBF38C7-CF0D-434D-A8EF-F7F9F7BB874E}.Debug|Any CPU.ActiveCfg = Debug|Any CPU
		{9FBF38C7-CF0D-434D-A8EF-F7F9F7BB874E}.Debug|Any CPU.Build.0 = Debug|Any CPU
		{9FBF38C7-CF0D-434D-A8EF-F7F9F7BB874E}.Release|Any CPU.ActiveCfg = Release|Any CPU
		{9FBF38C7-CF0D-434D-A8EF-F7F9F7BB874E}.Release|Any CPU.Build.0 = Release|Any CPU
		{6B8A2C0B-23C9-41CF-B728-C281CF90BFC5}.Debug|Any CPU.ActiveCfg = Debug|Any CPU
		{6B8A2C0B-23C9-41CF-B728-C281CF90BFC5}.Debug|Any CPU.Build.0 = Debug|Any CPU
		{6B8A2C0B-23C9-41CF-B728-C281CF90BFC5}.Release|Any CPU.ActiveCfg = Release|Any CPU
		{6B8A2C0B-23C9-41CF-B728-C281CF90BFC5}.Release|Any CPU.Build.0 = Release|Any CPU
		{B79E8DB2-6689-4F66-B8A6-1E0B64274489}.Debug|Any CPU.ActiveCfg = Debug|Any CPU
		{B79E8DB2-6689-4F66-B8A6-1E0B64274489}.Debug|Any CPU.Build.0 = Debug|Any CPU
		{B79E8DB2-6689-4F66-B8A6-1E0B64274489}.Release|Any CPU.ActiveCfg = Release|Any CPU
		{B79E8DB2-6689-4F66-B8A6-1E0B64274489}.Release|Any CPU.Build.0 = Release|Any CPU
		{95B33167-05EE-4E08-9D73-355870B45380}.Debug|Any CPU.ActiveCfg = Debug|Any CPU
		{95B33167-05EE-4E08-9D73-355870B45380}.Debug|Any CPU.Build.0 = Debug|Any CPU
		{95B33167-05EE-4E08-9D73-355870B45380}.Release|Any CPU.ActiveCfg = Release|Any CPU
		{95B33167-05EE-4E08-9D73-355870B45380}.Release|Any CPU.Build.0 = Release|Any CPU
		{CB66E441-60C1-4B47-A4D7-918E856B7259}.Debug|Any CPU.ActiveCfg = Debug|Any CPU
		{CB66E441-60C1-4B47-A4D7-918E856B7259}.Debug|Any CPU.Build.0 = Debug|Any CPU
		{CB66E441-60C1-4B47-A4D7-918E856B7259}.Release|Any CPU.ActiveCfg = Release|Any CPU
		{CB66E441-60C1-4B47-A4D7-918E856B7259}.Release|Any CPU.Build.0 = Release|Any CPU
		{7857E905-6E39-4A9A-A163-CF0039B5D9FF}.Debug|Any CPU.ActiveCfg = Debug|Any CPU
		{7857E905-6E39-4A9A-A163-CF0039B5D9FF}.Debug|Any CPU.Build.0 = Debug|Any CPU
		{7857E905-6E39-4A9A-A163-CF0039B5D9FF}.Release|Any CPU.ActiveCfg = Release|Any CPU
		{7857E905-6E39-4A9A-A163-CF0039B5D9FF}.Release|Any CPU.Build.0 = Release|Any CPU
		{0ACE1EB2-9D6E-425D-B39C-CFA6C03E3950}.Debug|Any CPU.ActiveCfg = Debug|Any CPU
		{0ACE1EB2-9D6E-425D-B39C-CFA6C03E3950}.Debug|Any CPU.Build.0 = Debug|Any CPU
		{0ACE1EB2-9D6E-425D-B39C-CFA6C03E3950}.Release|Any CPU.ActiveCfg = Release|Any CPU
		{0ACE1EB2-9D6E-425D-B39C-CFA6C03E3950}.Release|Any CPU.Build.0 = Release|Any CPU
		{37678F43-EA2C-4735-9606-E2C0B975BA60}.Debug|Any CPU.ActiveCfg = Debug|Any CPU
		{37678F43-EA2C-4735-9606-E2C0B975BA60}.Debug|Any CPU.Build.0 = Debug|Any CPU
		{37678F43-EA2C-4735-9606-E2C0B975BA60}.Release|Any CPU.ActiveCfg = Release|Any CPU
		{37678F43-EA2C-4735-9606-E2C0B975BA60}.Release|Any CPU.Build.0 = Release|Any CPU
		{203DEF49-CF08-4A87-9169-9E7801422242}.Debug|Any CPU.ActiveCfg = Debug|Any CPU
		{203DEF49-CF08-4A87-9169-9E7801422242}.Debug|Any CPU.Build.0 = Debug|Any CPU
		{203DEF49-CF08-4A87-9169-9E7801422242}.Release|Any CPU.ActiveCfg = Release|Any CPU
		{203DEF49-CF08-4A87-9169-9E7801422242}.Release|Any CPU.Build.0 = Release|Any CPU
	EndGlobalSection
	GlobalSection(SolutionProperties) = preSolution
		HideSolutionNode = FALSE
	EndGlobalSection
	GlobalSection(NestedProjects) = preSolution
		{CD166718-97E2-4DC3-9DCE-B68328951D43} = {0E6F5B14-564B-4108-9FB5-13822EE53036}
		{D6254657-55D6-46F2-8B46-1C4555931BCA} = {0E6F5B14-564B-4108-9FB5-13822EE53036}
		{EFAF77B9-669E-48FB-8A67-B2302993F379} = {AD41938B-727F-45A9-908B-52B3194C3266}
		{92EC120A-6F03-4A59-8602-D7D7904F513F} = {EFAF77B9-669E-48FB-8A67-B2302993F379}
		{59A23887-377B-4B76-B8C4-DF7C09B16D08} = {AD41938B-727F-45A9-908B-52B3194C3266}
		{8B851A0C-4F23-45A3-9E17-50475AE5E888} = {59A23887-377B-4B76-B8C4-DF7C09B16D08}
		{F216ED20-9A2C-42F2-B69B-C4691C051AE6} = {AD41938B-727F-45A9-908B-52B3194C3266}
		{72F6F5E2-6B28-4C48-9B57-1EAD4DC5B097} = {F216ED20-9A2C-42F2-B69B-C4691C051AE6}
		{CBF4B3B4-33B9-4AF0-AB3C-A52BE9787DA4} = {F216ED20-9A2C-42F2-B69B-C4691C051AE6}
		{C835C308-0D2F-40F0-BC74-1BE249F8F53A} = {2BF0246D-45EA-4549-8E1A-77105D029330}
		{88D31CAB-36DB-4310-A7F4-F3F74ED16EEC} = {E2E8C99C-3256-4E7C-A8F8-E597572090E8}
		{B003285B-8073-4354-AC0F-C854EDD53CD9} = {E2E8C99C-3256-4E7C-A8F8-E597572090E8}
		{E3F0685C-136C-4FFE-BDE5-CA995F93BCD4} = {B003285B-8073-4354-AC0F-C854EDD53CD9}
		{46C1B316-752E-4612-952F-FB8D4CB72796} = {B003285B-8073-4354-AC0F-C854EDD53CD9}
		{FA65F2B1-D22E-4208-957A-3F648997CD0A} = {A92BD787-6CEE-4CD3-9321-0677A0F5B112}
		{69B7EAC9-741F-42FE-BC93-8D3EB4FBB557} = {A92BD787-6CEE-4CD3-9321-0677A0F5B112}
		{936C7EB5-0420-437E-A201-2F99F2771A95} = {69B7EAC9-741F-42FE-BC93-8D3EB4FBB557}
		{35690607-E998-4D72-B288-E46518DD66DF} = {69B7EAC9-741F-42FE-BC93-8D3EB4FBB557}
		{5E8DE39D-0B06-47BE-B160-A65C1474C4DB} = {18D0AA5A-5399-4194-9A1C-7A53FE6611F4}
		{8591A265-4841-48FB-8CFC-5036299B13F7} = {5E8DE39D-0B06-47BE-B160-A65C1474C4DB}
		{70316DD1-E57B-4FC2-8074-A689FAE3E67A} = {5E8DE39D-0B06-47BE-B160-A65C1474C4DB}
		{DB1F485C-5304-45A2-8B92-AA77C5C1B702} = {5E8DE39D-0B06-47BE-B160-A65C1474C4DB}
		{99E665AA-3E89-4237-95F9-2A9AF8540477} = {5E8DE39D-0B06-47BE-B160-A65C1474C4DB}
		{413925E5-B70D-4BCD-B23A-1BA734117F00} = {2B9D285C-C8FB-408C-8389-EE357741F547}
		{3256FF1A-D336-462F-966F-5B1C4BE9EDC8} = {2B9D285C-C8FB-408C-8389-EE357741F547}
		{BE8B8906-C61E-4681-A19B-58922875E6D3} = {3256FF1A-D336-462F-966F-5B1C4BE9EDC8}
		{AAC830D0-D8BF-4839-BF3E-E1A01319927D} = {3256FF1A-D336-462F-966F-5B1C4BE9EDC8}
		{6474B716-42C8-4E3A-910B-41F7D75FE86C} = {C3205F75-C8E3-4016-BE1A-EBFC8CBE15C1}
		{2EE9DEA3-6461-48D5-845C-BFE845A3D5FE} = {C3205F75-C8E3-4016-BE1A-EBFC8CBE15C1}
		{2BFACDC3-F44D-4199-8498-F5C3C4AC0335} = {1B6B4F1A-F450-4AAB-BC08-FD12C2419CBE}
		{E461C0A8-8900-485C-B520-E929BA33F712} = {1B6B4F1A-F450-4AAB-BC08-FD12C2419CBE}
		{88B39962-0DFA-44CC-BE88-D6D44C5A5000} = {C3205F75-C8E3-4016-BE1A-EBFC8CBE15C1}
		{5531FCF8-123E-4E94-B8C9-7E7D4FE7F01D} = {C3205F75-C8E3-4016-BE1A-EBFC8CBE15C1}
		{7822D165-0E18-4DCA-89E7-4BF109681942} = {C313605F-60B5-486D-B1CE-BFD3737CDAB9}
		{9FBF38C7-CF0D-434D-A8EF-F7F9F7BB874E} = {2BF0246D-45EA-4549-8E1A-77105D029330}
		{6A6F3779-CFC6-444B-9EAC-CCFBE8BE4D4F} = {C313605F-60B5-486D-B1CE-BFD3737CDAB9}
		{6B8A2C0B-23C9-41CF-B728-C281CF90BFC5} = {6A6F3779-CFC6-444B-9EAC-CCFBE8BE4D4F}
		{B79E8DB2-6689-4F66-B8A6-1E0B64274489} = {2BF0246D-45EA-4549-8E1A-77105D029330}
		{95B33167-05EE-4E08-9D73-355870B45380} = {8A2ED766-008E-43A9-98FB-F53E97DC6C20}
		{77930B4C-417F-41FA-ACC4-A87048996DBE} = {8A2ED766-008E-43A9-98FB-F53E97DC6C20}
		{CB66E441-60C1-4B47-A4D7-918E856B7259} = {77930B4C-417F-41FA-ACC4-A87048996DBE}
		{7857E905-6E39-4A9A-A163-CF0039B5D9FF} = {8A2ED766-008E-43A9-98FB-F53E97DC6C20}
		{0ACE1EB2-9D6E-425D-B39C-CFA6C03E3950} = {E391B372-7722-428B-90A2-B841FFE31607}
		{9F27380B-6C81-4CBD-865A-EA05BBC37869} = {E391B372-7722-428B-90A2-B841FFE31607}
		{37678F43-EA2C-4735-9606-E2C0B975BA60} = {9F27380B-6C81-4CBD-865A-EA05BBC37869}
		{203DEF49-CF08-4A87-9169-9E7801422242} = {E391B372-7722-428B-90A2-B841FFE31607}
	EndGlobalSection
	GlobalSection(ExtensibilityGlobals) = postSolution
		SolutionGuid = {846DD986-A28D-495F-97D0-8035A730146F}
	EndGlobalSection
EndGlobal
